// !$*UTF8*$!
{
	archiveVersion = 1;
	classes = {
	};
	objectVersion = 56;
	objects = {

/* Begin PBXBuildFile section */
		CE4D5FB12B497E71000900A1 /* AirBnBCloneApp.swift in Sources */ = {isa = PBXBuildFile; fileRef = CE4D5FB02B497E71000900A1 /* AirBnBCloneApp.swift */; };
		CE4D5FB52B497E72000900A1 /* Assets.xcassets in Resources */ = {isa = PBXBuildFile; fileRef = CE4D5FB42B497E72000900A1 /* Assets.xcassets */; };
		CE4D5FB82B497E72000900A1 /* Preview Assets.xcassets in Resources */ = {isa = PBXBuildFile; fileRef = CE4D5FB72B497E72000900A1 /* Preview Assets.xcassets */; };
		CE4D5FC22B497E73000900A1 /* AirBnBCloneTests.swift in Sources */ = {isa = PBXBuildFile; fileRef = CE4D5FC12B497E73000900A1 /* AirBnBCloneTests.swift */; };
		CE4D5FCC2B497E73000900A1 /* AirBnBCloneUITests.swift in Sources */ = {isa = PBXBuildFile; fileRef = CE4D5FCB2B497E73000900A1 /* AirBnBCloneUITests.swift */; };
		CE4D5FCE2B497E73000900A1 /* AirBnBCloneUITestsLaunchTests.swift in Sources */ = {isa = PBXBuildFile; fileRef = CE4D5FCD2B497E73000900A1 /* AirBnBCloneUITestsLaunchTests.swift */; };
		CE4D5FE72B497FC1000900A1 /* ExploreView.swift in Sources */ = {isa = PBXBuildFile; fileRef = CE4D5FE62B497FC1000900A1 /* ExploreView.swift */; };
		CE4D5FE92B498093000900A1 /* ListingItemView.swift in Sources */ = {isa = PBXBuildFile; fileRef = CE4D5FE82B498093000900A1 /* ListingItemView.swift */; };
		CE4D5FEB2B498500000900A1 /* SearchAndFilterBar.swift in Sources */ = {isa = PBXBuildFile; fileRef = CE4D5FEA2B498500000900A1 /* SearchAndFilterBar.swift */; };
		CE4D5FED2B498890000900A1 /* ListingDetailsView.swift in Sources */ = {isa = PBXBuildFile; fileRef = CE4D5FEC2B498890000900A1 /* ListingDetailsView.swift */; };
		CE4D5FF02B498918000900A1 /* CarouselView.swift in Sources */ = {isa = PBXBuildFile; fileRef = CE4D5FEF2B498918000900A1 /* CarouselView.swift */; };
		CE4D5FF22B49B6FC000900A1 /* DestinationSearchView.swift in Sources */ = {isa = PBXBuildFile; fileRef = CE4D5FF12B49B6FC000900A1 /* DestinationSearchView.swift */; };
		CE4D5FF42B49BEC4000900A1 /* CollapsedPickerView.swift in Sources */ = {isa = PBXBuildFile; fileRef = CE4D5FF32B49BEC4000900A1 /* CollapsedPickerView.swift */; };
		CE4D5FF62B4A0092000900A1 /* ProfileView.swift in Sources */ = {isa = PBXBuildFile; fileRef = CE4D5FF52B4A0092000900A1 /* ProfileView.swift */; };
		CE4D5FF82B4A0325000900A1 /* ProfileOptionRowView.swift in Sources */ = {isa = PBXBuildFile; fileRef = CE4D5FF72B4A0325000900A1 /* ProfileOptionRowView.swift */; };
		CE4D5FFA2B4A0408000900A1 /* WishlistView.swift in Sources */ = {isa = PBXBuildFile; fileRef = CE4D5FF92B4A0408000900A1 /* WishlistView.swift */; };
		CE4D5FFC2B4A0568000900A1 /* MainTabView.swift in Sources */ = {isa = PBXBuildFile; fileRef = CE4D5FFB2B4A0568000900A1 /* MainTabView.swift */; };
		CE4D60012B4AD427000900A1 /* Listing.swift in Sources */ = {isa = PBXBuildFile; fileRef = CE4D60002B4AD427000900A1 /* Listing.swift */; };
		CE4D60032B4AD884000900A1 /* PreviewProvider.swift in Sources */ = {isa = PBXBuildFile; fileRef = CE4D60022B4AD884000900A1 /* PreviewProvider.swift */; };
		CE4D60082B4ADD4C000900A1 /* ExploreViewModel.swift in Sources */ = {isa = PBXBuildFile; fileRef = CE4D60072B4ADD4C000900A1 /* ExploreViewModel.swift */; };
		CE4D600A2B4ADD9E000900A1 /* ExploreService.swift in Sources */ = {isa = PBXBuildFile; fileRef = CE4D60092B4ADD9E000900A1 /* ExploreService.swift */; };
		CE4D600C2B4AE499000900A1 /* Region.swift in Sources */ = {isa = PBXBuildFile; fileRef = CE4D600B2B4AE499000900A1 /* Region.swift */; };
		CE4D600E2B4B0C2D000900A1 /* ListingMapView.swift in Sources */ = {isa = PBXBuildFile; fileRef = CE4D600D2B4B0C2D000900A1 /* ListingMapView.swift */; };
		CE4D60102B4B1CBD000900A1 /* ListingMapPreviewView.swift in Sources */ = {isa = PBXBuildFile; fileRef = CE4D600F2B4B1CBD000900A1 /* ListingMapPreviewView.swift */; };
		CE4D601B2B4C30F9000900A1 /* RegistrationView.swift in Sources */ = {isa = PBXBuildFile; fileRef = CE4D601A2B4C30F9000900A1 /* RegistrationView.swift */; };
		CE4D601D2B4C310B000900A1 /* LoginView.swift in Sources */ = {isa = PBXBuildFile; fileRef = CE4D601C2B4C310B000900A1 /* LoginView.swift */; };
		CE4D60202B4C311E000900A1 /* LoginViewModel.swift in Sources */ = {isa = PBXBuildFile; fileRef = CE4D601F2B4C311E000900A1 /* LoginViewModel.swift */; };
		CE4D60222B4C312C000900A1 /* RegistrationViewModel.swift in Sources */ = {isa = PBXBuildFile; fileRef = CE4D60212B4C312C000900A1 /* RegistrationViewModel.swift */; };
		CE4D60252B4C3496000900A1 /* PrimaryTextfieldModifier.swift in Sources */ = {isa = PBXBuildFile; fileRef = CE4D60242B4C3496000900A1 /* PrimaryTextfieldModifier.swift */; };
		CE4D60272B4C35F1000900A1 /* PrimaryButtonModifier.swift in Sources */ = {isa = PBXBuildFile; fileRef = CE4D60262B4C35F1000900A1 /* PrimaryButtonModifier.swift */; };
		CE4D602A2B4C366C000900A1 /* LoginButton.swift in Sources */ = {isa = PBXBuildFile; fileRef = CE4D60292B4C366C000900A1 /* LoginButton.swift */; };
		CE4D602C2B4C3970000900A1 /* AuthenticationFormProtocol.swift in Sources */ = {isa = PBXBuildFile; fileRef = CE4D602B2B4C3970000900A1 /* AuthenticationFormProtocol.swift */; };
		CE4D602E2B4C3D78000900A1 /* MockAuthenticationService.swift in Sources */ = {isa = PBXBuildFile; fileRef = CE4D602D2B4C3D78000900A1 /* MockAuthenticationService.swift */; };
		CE4D60312B4C42AF000900A1 /* AuthManager.swift in Sources */ = {isa = PBXBuildFile; fileRef = CE4D60302B4C42AF000900A1 /* AuthManager.swift */; };
		CE4D60332B4C4828000900A1 /* DIContainer.swift in Sources */ = {isa = PBXBuildFile; fileRef = CE4D60322B4C4828000900A1 /* DIContainer.swift */; };
		CE4D60352B4C4C4E000900A1 /* CollapsableDestinationViewModifier.swift in Sources */ = {isa = PBXBuildFile; fileRef = CE4D60342B4C4C4E000900A1 /* CollapsableDestinationViewModifier.swift */; };
		CE4D60382B4D56E5000900A1 /* FirebaseAuthService.swift in Sources */ = {isa = PBXBuildFile; fileRef = CE4D60372B4D56E5000900A1 /* FirebaseAuthService.swift */; };
		CE4D603B2B4D588D000900A1 /* FirebaseAuth in Frameworks */ = {isa = PBXBuildFile; productRef = CE4D603A2B4D588D000900A1 /* FirebaseAuth */; };
		CE4D603D2B4D597D000900A1 /* AuthenticationService.swift in Sources */ = {isa = PBXBuildFile; fileRef = CE4D603C2B4D597D000900A1 /* AuthenticationService.swift */; };
		CE4D603F2B4D5B50000900A1 /* GoogleService-Info.plist in Resources */ = {isa = PBXBuildFile; fileRef = CE4D603E2B4D5B50000900A1 /* GoogleService-Info.plist */; };
		CE4D60412B4D5B82000900A1 /* AppDelegate.swift in Sources */ = {isa = PBXBuildFile; fileRef = CE4D60402B4D5B82000900A1 /* AppDelegate.swift */; };
		CE4D60432B4D5D57000900A1 /* UserProfileHeaderView.swift in Sources */ = {isa = PBXBuildFile; fileRef = CE4D60422B4D5D57000900A1 /* UserProfileHeaderView.swift */; };
		CE4D60452B4D5D63000900A1 /* ProfileLoginView.swift in Sources */ = {isa = PBXBuildFile; fileRef = CE4D60442B4D5D63000900A1 /* ProfileLoginView.swift */; };
		CE4D60472B4D5E4C000900A1 /* CircularImageProfileView.swift in Sources */ = {isa = PBXBuildFile; fileRef = CE4D60462B4D5E4C000900A1 /* CircularImageProfileView.swift */; };
		CE4D604C2B4D62E9000900A1 /* WishlistEmptyStateView.swift in Sources */ = {isa = PBXBuildFile; fileRef = CE4D604B2B4D62E9000900A1 /* WishlistEmptyStateView.swift */; };
		CE4D604E2B4D638F000900A1 /* WishlistLoginView.swift in Sources */ = {isa = PBXBuildFile; fileRef = CE4D604D2B4D638F000900A1 /* WishlistLoginView.swift */; };
/* End PBXBuildFile section */

/* Begin PBXContainerItemProxy section */
		CE4D5FBE2B497E73000900A1 /* PBXContainerItemProxy */ = {
			isa = PBXContainerItemProxy;
			containerPortal = CE4D5FA52B497E71000900A1 /* Project object */;
			proxyType = 1;
			remoteGlobalIDString = CE4D5FAC2B497E71000900A1;
			remoteInfo = AirBnBClone;
		};
		CE4D5FC82B497E73000900A1 /* PBXContainerItemProxy */ = {
			isa = PBXContainerItemProxy;
			containerPortal = CE4D5FA52B497E71000900A1 /* Project object */;
			proxyType = 1;
			remoteGlobalIDString = CE4D5FAC2B497E71000900A1;
			remoteInfo = AirBnBClone;
		};
/* End PBXContainerItemProxy section */

/* Begin PBXFileReference section */
		CE4D5FAD2B497E71000900A1 /* AirBnBClone.app */ = {isa = PBXFileReference; explicitFileType = wrapper.application; includeInIndex = 0; path = AirBnBClone.app; sourceTree = BUILT_PRODUCTS_DIR; };
		CE4D5FB02B497E71000900A1 /* AirBnBCloneApp.swift */ = {isa = PBXFileReference; lastKnownFileType = sourcecode.swift; path = AirBnBCloneApp.swift; sourceTree = "<group>"; };
		CE4D5FB42B497E72000900A1 /* Assets.xcassets */ = {isa = PBXFileReference; lastKnownFileType = folder.assetcatalog; path = Assets.xcassets; sourceTree = "<group>"; };
		CE4D5FB72B497E72000900A1 /* Preview Assets.xcassets */ = {isa = PBXFileReference; lastKnownFileType = folder.assetcatalog; path = "Preview Assets.xcassets"; sourceTree = "<group>"; };
		CE4D5FBD2B497E73000900A1 /* AirBnBCloneTests.xctest */ = {isa = PBXFileReference; explicitFileType = wrapper.cfbundle; includeInIndex = 0; path = AirBnBCloneTests.xctest; sourceTree = BUILT_PRODUCTS_DIR; };
		CE4D5FC12B497E73000900A1 /* AirBnBCloneTests.swift */ = {isa = PBXFileReference; lastKnownFileType = sourcecode.swift; path = AirBnBCloneTests.swift; sourceTree = "<group>"; };
		CE4D5FC72B497E73000900A1 /* AirBnBCloneUITests.xctest */ = {isa = PBXFileReference; explicitFileType = wrapper.cfbundle; includeInIndex = 0; path = AirBnBCloneUITests.xctest; sourceTree = BUILT_PRODUCTS_DIR; };
		CE4D5FCB2B497E73000900A1 /* AirBnBCloneUITests.swift */ = {isa = PBXFileReference; lastKnownFileType = sourcecode.swift; path = AirBnBCloneUITests.swift; sourceTree = "<group>"; };
		CE4D5FCD2B497E73000900A1 /* AirBnBCloneUITestsLaunchTests.swift */ = {isa = PBXFileReference; lastKnownFileType = sourcecode.swift; path = AirBnBCloneUITestsLaunchTests.swift; sourceTree = "<group>"; };
		CE4D5FE62B497FC1000900A1 /* ExploreView.swift */ = {isa = PBXFileReference; lastKnownFileType = sourcecode.swift; path = ExploreView.swift; sourceTree = "<group>"; };
		CE4D5FE82B498093000900A1 /* ListingItemView.swift */ = {isa = PBXFileReference; lastKnownFileType = sourcecode.swift; path = ListingItemView.swift; sourceTree = "<group>"; };
		CE4D5FEA2B498500000900A1 /* SearchAndFilterBar.swift */ = {isa = PBXFileReference; lastKnownFileType = sourcecode.swift; path = SearchAndFilterBar.swift; sourceTree = "<group>"; };
		CE4D5FEC2B498890000900A1 /* ListingDetailsView.swift */ = {isa = PBXFileReference; lastKnownFileType = sourcecode.swift; path = ListingDetailsView.swift; sourceTree = "<group>"; };
		CE4D5FEF2B498918000900A1 /* CarouselView.swift */ = {isa = PBXFileReference; lastKnownFileType = sourcecode.swift; path = CarouselView.swift; sourceTree = "<group>"; };
		CE4D5FF12B49B6FC000900A1 /* DestinationSearchView.swift */ = {isa = PBXFileReference; lastKnownFileType = sourcecode.swift; path = DestinationSearchView.swift; sourceTree = "<group>"; };
		CE4D5FF32B49BEC4000900A1 /* CollapsedPickerView.swift */ = {isa = PBXFileReference; lastKnownFileType = sourcecode.swift; path = CollapsedPickerView.swift; sourceTree = "<group>"; };
		CE4D5FF52B4A0092000900A1 /* ProfileView.swift */ = {isa = PBXFileReference; lastKnownFileType = sourcecode.swift; path = ProfileView.swift; sourceTree = "<group>"; };
		CE4D5FF72B4A0325000900A1 /* ProfileOptionRowView.swift */ = {isa = PBXFileReference; lastKnownFileType = sourcecode.swift; path = ProfileOptionRowView.swift; sourceTree = "<group>"; };
		CE4D5FF92B4A0408000900A1 /* WishlistView.swift */ = {isa = PBXFileReference; lastKnownFileType = sourcecode.swift; path = WishlistView.swift; sourceTree = "<group>"; };
		CE4D5FFB2B4A0568000900A1 /* MainTabView.swift */ = {isa = PBXFileReference; lastKnownFileType = sourcecode.swift; path = MainTabView.swift; sourceTree = "<group>"; };
		CE4D60002B4AD427000900A1 /* Listing.swift */ = {isa = PBXFileReference; lastKnownFileType = sourcecode.swift; path = Listing.swift; sourceTree = "<group>"; };
		CE4D60022B4AD884000900A1 /* PreviewProvider.swift */ = {isa = PBXFileReference; lastKnownFileType = sourcecode.swift; path = PreviewProvider.swift; sourceTree = "<group>"; };
		CE4D60072B4ADD4C000900A1 /* ExploreViewModel.swift */ = {isa = PBXFileReference; lastKnownFileType = sourcecode.swift; path = ExploreViewModel.swift; sourceTree = "<group>"; };
		CE4D60092B4ADD9E000900A1 /* ExploreService.swift */ = {isa = PBXFileReference; lastKnownFileType = sourcecode.swift; path = ExploreService.swift; sourceTree = "<group>"; };
		CE4D600B2B4AE499000900A1 /* Region.swift */ = {isa = PBXFileReference; lastKnownFileType = sourcecode.swift; path = Region.swift; sourceTree = "<group>"; };
		CE4D600D2B4B0C2D000900A1 /* ListingMapView.swift */ = {isa = PBXFileReference; lastKnownFileType = sourcecode.swift; path = ListingMapView.swift; sourceTree = "<group>"; };
		CE4D600F2B4B1CBD000900A1 /* ListingMapPreviewView.swift */ = {isa = PBXFileReference; lastKnownFileType = sourcecode.swift; path = ListingMapPreviewView.swift; sourceTree = "<group>"; };
		CE4D601A2B4C30F9000900A1 /* RegistrationView.swift */ = {isa = PBXFileReference; lastKnownFileType = sourcecode.swift; path = RegistrationView.swift; sourceTree = "<group>"; };
		CE4D601C2B4C310B000900A1 /* LoginView.swift */ = {isa = PBXFileReference; lastKnownFileType = sourcecode.swift; path = LoginView.swift; sourceTree = "<group>"; };
		CE4D601F2B4C311E000900A1 /* LoginViewModel.swift */ = {isa = PBXFileReference; lastKnownFileType = sourcecode.swift; path = LoginViewModel.swift; sourceTree = "<group>"; };
		CE4D60212B4C312C000900A1 /* RegistrationViewModel.swift */ = {isa = PBXFileReference; lastKnownFileType = sourcecode.swift; path = RegistrationViewModel.swift; sourceTree = "<group>"; };
		CE4D60242B4C3496000900A1 /* PrimaryTextfieldModifier.swift */ = {isa = PBXFileReference; lastKnownFileType = sourcecode.swift; path = PrimaryTextfieldModifier.swift; sourceTree = "<group>"; };
		CE4D60262B4C35F1000900A1 /* PrimaryButtonModifier.swift */ = {isa = PBXFileReference; lastKnownFileType = sourcecode.swift; path = PrimaryButtonModifier.swift; sourceTree = "<group>"; };
		CE4D60292B4C366C000900A1 /* LoginButton.swift */ = {isa = PBXFileReference; lastKnownFileType = sourcecode.swift; path = LoginButton.swift; sourceTree = "<group>"; };
		CE4D602B2B4C3970000900A1 /* AuthenticationFormProtocol.swift */ = {isa = PBXFileReference; lastKnownFileType = sourcecode.swift; path = AuthenticationFormProtocol.swift; sourceTree = "<group>"; };
		CE4D602D2B4C3D78000900A1 /* MockAuthenticationService.swift */ = {isa = PBXFileReference; lastKnownFileType = sourcecode.swift; path = MockAuthenticationService.swift; sourceTree = "<group>"; };
		CE4D60302B4C42AF000900A1 /* AuthManager.swift */ = {isa = PBXFileReference; lastKnownFileType = sourcecode.swift; path = AuthManager.swift; sourceTree = "<group>"; };
		CE4D60322B4C4828000900A1 /* DIContainer.swift */ = {isa = PBXFileReference; lastKnownFileType = sourcecode.swift; path = DIContainer.swift; sourceTree = "<group>"; };
		CE4D60342B4C4C4E000900A1 /* CollapsableDestinationViewModifier.swift */ = {isa = PBXFileReference; lastKnownFileType = sourcecode.swift; path = CollapsableDestinationViewModifier.swift; sourceTree = "<group>"; };
		CE4D60372B4D56E5000900A1 /* FirebaseAuthService.swift */ = {isa = PBXFileReference; lastKnownFileType = sourcecode.swift; path = FirebaseAuthService.swift; sourceTree = "<group>"; };
		CE4D603C2B4D597D000900A1 /* AuthenticationService.swift */ = {isa = PBXFileReference; lastKnownFileType = sourcecode.swift; path = AuthenticationService.swift; sourceTree = "<group>"; };
		CE4D603E2B4D5B50000900A1 /* GoogleService-Info.plist */ = {isa = PBXFileReference; fileEncoding = 4; lastKnownFileType = text.plist.xml; path = "GoogleService-Info.plist"; sourceTree = "<group>"; };
		CE4D60402B4D5B82000900A1 /* AppDelegate.swift */ = {isa = PBXFileReference; lastKnownFileType = sourcecode.swift; path = AppDelegate.swift; sourceTree = "<group>"; };
		CE4D60422B4D5D57000900A1 /* UserProfileHeaderView.swift */ = {isa = PBXFileReference; lastKnownFileType = sourcecode.swift; path = UserProfileHeaderView.swift; sourceTree = "<group>"; };
		CE4D60442B4D5D63000900A1 /* ProfileLoginView.swift */ = {isa = PBXFileReference; lastKnownFileType = sourcecode.swift; path = ProfileLoginView.swift; sourceTree = "<group>"; };
		CE4D60462B4D5E4C000900A1 /* CircularImageProfileView.swift */ = {isa = PBXFileReference; lastKnownFileType = sourcecode.swift; path = CircularImageProfileView.swift; sourceTree = "<group>"; };
		CE4D604B2B4D62E9000900A1 /* WishlistEmptyStateView.swift */ = {isa = PBXFileReference; lastKnownFileType = sourcecode.swift; path = WishlistEmptyStateView.swift; sourceTree = "<group>"; };
		CE4D604D2B4D638F000900A1 /* WishlistLoginView.swift */ = {isa = PBXFileReference; lastKnownFileType = sourcecode.swift; path = WishlistLoginView.swift; sourceTree = "<group>"; };
/* End PBXFileReference section */

/* Begin PBXFrameworksBuildPhase section */
		CE4D5FAA2B497E71000900A1 /* Frameworks */ = {
			isa = PBXFrameworksBuildPhase;
			buildActionMask = 2147483647;
			files = (
				CE4D603B2B4D588D000900A1 /* FirebaseAuth in Frameworks */,
			);
			runOnlyForDeploymentPostprocessing = 0;
		};
		CE4D5FBA2B497E73000900A1 /* Frameworks */ = {
			isa = PBXFrameworksBuildPhase;
			buildActionMask = 2147483647;
			files = (
			);
			runOnlyForDeploymentPostprocessing = 0;
		};
		CE4D5FC42B497E73000900A1 /* Frameworks */ = {
			isa = PBXFrameworksBuildPhase;
			buildActionMask = 2147483647;
			files = (
			);
			runOnlyForDeploymentPostprocessing = 0;
		};
/* End PBXFrameworksBuildPhase section */

/* Begin PBXGroup section */
		CE4D5FA42B497E71000900A1 = {
			isa = PBXGroup;
			children = (
				CE4D5FAF2B497E71000900A1 /* AirBnBClone */,
				CE4D5FC02B497E73000900A1 /* AirBnBCloneTests */,
				CE4D5FCA2B497E73000900A1 /* AirBnBCloneUITests */,
				CE4D5FAE2B497E71000900A1 /* Products */,
				CE4D60392B4D588D000900A1 /* Frameworks */,
			);
			sourceTree = "<group>";
		};
		CE4D5FAE2B497E71000900A1 /* Products */ = {
			isa = PBXGroup;
			children = (
				CE4D5FAD2B497E71000900A1 /* AirBnBClone.app */,
				CE4D5FBD2B497E73000900A1 /* AirBnBCloneTests.xctest */,
				CE4D5FC72B497E73000900A1 /* AirBnBCloneUITests.xctest */,
			);
			name = Products;
			sourceTree = "<group>";
		};
		CE4D5FAF2B497E71000900A1 /* AirBnBClone */ = {
			isa = PBXGroup;
			children = (
				CE4D5FDA2B497EE4000900A1 /* App */,
				CE4D5FDB2B497EEB000900A1 /* Core */,
				CE4D5FB42B497E72000900A1 /* Assets.xcassets */,
				CE4D603E2B4D5B50000900A1 /* GoogleService-Info.plist */,
				CE4D5FDD2B497F03000900A1 /* Extensions */,
				CE4D5FDC2B497F02000900A1 /* Models */,
				CE4D5FDE2B497F0E000900A1 /* Utils */,
				CE4D5FB62B497E72000900A1 /* Preview Content */,
			);
			path = AirBnBClone;
			sourceTree = "<group>";
		};
		CE4D5FB62B497E72000900A1 /* Preview Content */ = {
			isa = PBXGroup;
			children = (
				CE4D5FB72B497E72000900A1 /* Preview Assets.xcassets */,
			);
			path = "Preview Content";
			sourceTree = "<group>";
		};
		CE4D5FC02B497E73000900A1 /* AirBnBCloneTests */ = {
			isa = PBXGroup;
			children = (
				CE4D5FC12B497E73000900A1 /* AirBnBCloneTests.swift */,
			);
			path = AirBnBCloneTests;
			sourceTree = "<group>";
		};
		CE4D5FCA2B497E73000900A1 /* AirBnBCloneUITests */ = {
			isa = PBXGroup;
			children = (
				CE4D5FCB2B497E73000900A1 /* AirBnBCloneUITests.swift */,
				CE4D5FCD2B497E73000900A1 /* AirBnBCloneUITestsLaunchTests.swift */,
			);
			path = AirBnBCloneUITests;
			sourceTree = "<group>";
		};
		CE4D5FDA2B497EE4000900A1 /* App */ = {
			isa = PBXGroup;
			children = (
				CE4D5FB02B497E71000900A1 /* AirBnBCloneApp.swift */,
				CE4D60322B4C4828000900A1 /* DIContainer.swift */,
				CE4D60402B4D5B82000900A1 /* AppDelegate.swift */,
			);
			path = App;
			sourceTree = "<group>";
		};
		CE4D5FDB2B497EEB000900A1 /* Core */ = {
			isa = PBXGroup;
			children = (
				CE4D60172B4C3095000900A1 /* Authentication */,
				CE4D5FEE2B498902000900A1 /* Components */,
				CE4D5FDF2B497F36000900A1 /* Explore */,
				CE4D5FE02B497F3A000900A1 /* Listings */,
				CE4D5FE12B497F42000900A1 /* Mapview */,
				CE4D5FE22B497F47000900A1 /* Profile */,
				CE4D5FE42B497F50000900A1 /* TabBar */,
				CE4D5FE52B497F5A000900A1 /* Wishlist */,
			);
			path = Core;
			sourceTree = "<group>";
		};
		CE4D5FDC2B497F02000900A1 /* Models */ = {
			isa = PBXGroup;
			children = (
			);
			path = Models;
			sourceTree = "<group>";
		};
		CE4D5FDD2B497F03000900A1 /* Extensions */ = {
			isa = PBXGroup;
			children = (
				CE4D60022B4AD884000900A1 /* PreviewProvider.swift */,
				CE4D600B2B4AE499000900A1 /* Region.swift */,
			);
			path = Extensions;
			sourceTree = "<group>";
		};
		CE4D5FDE2B497F0E000900A1 /* Utils */ = {
			isa = PBXGroup;
			children = (
				CE4D60232B4C3487000900A1 /* Modifiers */,
			);
			path = Utils;
			sourceTree = "<group>";
		};
		CE4D5FDF2B497F36000900A1 /* Explore */ = {
			isa = PBXGroup;
			children = (
				CE4D60062B4ADD3B000900A1 /* ViewModel */,
				CE4D60052B4ADD37000900A1 /* Views */,
				CE4D60042B4ADD31000900A1 /* Service */,
			);
			path = Explore;
			sourceTree = "<group>";
		};
		CE4D5FE02B497F3A000900A1 /* Listings */ = {
			isa = PBXGroup;
			children = (
				CE4D5FFF2B4AD415000900A1 /* Views */,
				CE4D5FFD2B4AD3F2000900A1 /* Models */,
			);
			path = Listings;
			sourceTree = "<group>";
		};
		CE4D5FE12B497F42000900A1 /* Mapview */ = {
			isa = PBXGroup;
			children = (
			);
			path = Mapview;
			sourceTree = "<group>";
		};
		CE4D5FE22B497F47000900A1 /* Profile */ = {
			isa = PBXGroup;
			children = (
				CE4D5FF52B4A0092000900A1 /* ProfileView.swift */,
				CE4D5FF72B4A0325000900A1 /* ProfileOptionRowView.swift */,
				CE4D60422B4D5D57000900A1 /* UserProfileHeaderView.swift */,
				CE4D60442B4D5D63000900A1 /* ProfileLoginView.swift */,
			);
			path = Profile;
			sourceTree = "<group>";
		};
		CE4D5FE42B497F50000900A1 /* TabBar */ = {
			isa = PBXGroup;
			children = (
				CE4D5FFB2B4A0568000900A1 /* MainTabView.swift */,
			);
			path = TabBar;
			sourceTree = "<group>";
		};
		CE4D5FE52B497F5A000900A1 /* Wishlist */ = {
			isa = PBXGroup;
			children = (
				CE4D604F2B4D6447000900A1 /* Components */,
				CE4D604A2B4D62D5000900A1 /* Model */,
				CE4D60492B4D62CE000900A1 /* ViewModels */,
				CE4D60482B4D62C6000900A1 /* Views */,
			);
			path = Wishlist;
			sourceTree = "<group>";
		};
		CE4D5FEE2B498902000900A1 /* Components */ = {
			isa = PBXGroup;
			children = (
				CE4D5FEF2B498918000900A1 /* CarouselView.swift */,
				CE4D5FF32B49BEC4000900A1 /* CollapsedPickerView.swift */,
				CE4D60292B4C366C000900A1 /* LoginButton.swift */,
				CE4D60462B4D5E4C000900A1 /* CircularImageProfileView.swift */,
			);
			path = Components;
			sourceTree = "<group>";
		};
		CE4D5FFD2B4AD3F2000900A1 /* Models */ = {
			isa = PBXGroup;
			children = (
				CE4D60002B4AD427000900A1 /* Listing.swift */,
			);
			path = Models;
			sourceTree = "<group>";
		};
		CE4D5FFF2B4AD415000900A1 /* Views */ = {
			isa = PBXGroup;
			children = (
				CE4D5FE82B498093000900A1 /* ListingItemView.swift */,
				CE4D5FEC2B498890000900A1 /* ListingDetailsView.swift */,
				CE4D600D2B4B0C2D000900A1 /* ListingMapView.swift */,
				CE4D600F2B4B1CBD000900A1 /* ListingMapPreviewView.swift */,
			);
			path = Views;
			sourceTree = "<group>";
		};
		CE4D60042B4ADD31000900A1 /* Service */ = {
			isa = PBXGroup;
			children = (
				CE4D60092B4ADD9E000900A1 /* ExploreService.swift */,
			);
			path = Service;
			sourceTree = "<group>";
		};
		CE4D60052B4ADD37000900A1 /* Views */ = {
			isa = PBXGroup;
			children = (
				CE4D5FE62B497FC1000900A1 /* ExploreView.swift */,
				CE4D5FEA2B498500000900A1 /* SearchAndFilterBar.swift */,
				CE4D5FF12B49B6FC000900A1 /* DestinationSearchView.swift */,
			);
			path = Views;
			sourceTree = "<group>";
		};
		CE4D60062B4ADD3B000900A1 /* ViewModel */ = {
			isa = PBXGroup;
			children = (
				CE4D60072B4ADD4C000900A1 /* ExploreViewModel.swift */,
			);
			path = ViewModel;
			sourceTree = "<group>";
		};
		CE4D60112B4C3071000900A1 /* Protocols */ = {
			isa = PBXGroup;
			children = (
				CE4D602B2B4C3970000900A1 /* AuthenticationFormProtocol.swift */,
				CE4D603C2B4D597D000900A1 /* AuthenticationService.swift */,
			);
			path = Protocols;
			sourceTree = "<group>";
		};
		CE4D60122B4C3072000900A1 /* Model */ = {
			isa = PBXGroup;
			children = (
			);
			path = Model;
			sourceTree = "<group>";
		};
		CE4D60142B4C3079000900A1 /* Views */ = {
			isa = PBXGroup;
			children = (
				CE4D601A2B4C30F9000900A1 /* RegistrationView.swift */,
				CE4D601C2B4C310B000900A1 /* LoginView.swift */,
			);
			path = Views;
			sourceTree = "<group>";
		};
		CE4D60152B4C307B000900A1 /* ViewModels */ = {
			isa = PBXGroup;
			children = (
				CE4D601F2B4C311E000900A1 /* LoginViewModel.swift */,
				CE4D60212B4C312C000900A1 /* RegistrationViewModel.swift */,
			);
			path = ViewModels;
			sourceTree = "<group>";
		};
		CE4D60162B4C307C000900A1 /* Service */ = {
			isa = PBXGroup;
			children = (
				CE4D602D2B4C3D78000900A1 /* MockAuthenticationService.swift */,
				CE4D60372B4D56E5000900A1 /* FirebaseAuthService.swift */,
			);
			path = Service;
			sourceTree = "<group>";
		};
		CE4D60172B4C3095000900A1 /* Authentication */ = {
			isa = PBXGroup;
			children = (
				CE4D602F2B4C4295000900A1 /* Manager */,
				CE4D60122B4C3072000900A1 /* Model */,
				CE4D60112B4C3071000900A1 /* Protocols */,
				CE4D60162B4C307C000900A1 /* Service */,
				CE4D60152B4C307B000900A1 /* ViewModels */,
				CE4D60142B4C3079000900A1 /* Views */,
			);
			path = Authentication;
			sourceTree = "<group>";
		};
		CE4D60232B4C3487000900A1 /* Modifiers */ = {
			isa = PBXGroup;
			children = (
				CE4D60242B4C3496000900A1 /* PrimaryTextfieldModifier.swift */,
				CE4D60262B4C35F1000900A1 /* PrimaryButtonModifier.swift */,
				CE4D60342B4C4C4E000900A1 /* CollapsableDestinationViewModifier.swift */,
			);
			path = Modifiers;
			sourceTree = "<group>";
		};
		CE4D602F2B4C4295000900A1 /* Manager */ = {
			isa = PBXGroup;
			children = (
				CE4D60302B4C42AF000900A1 /* AuthManager.swift */,
			);
			path = Manager;
			sourceTree = "<group>";
		};
		CE4D60392B4D588D000900A1 /* Frameworks */ = {
			isa = PBXGroup;
			children = (
			);
			name = Frameworks;
			sourceTree = "<group>";
		};
		CE4D60482B4D62C6000900A1 /* Views */ = {
			isa = PBXGroup;
			children = (
				CE4D5FF92B4A0408000900A1 /* WishlistView.swift */,
			);
			path = Views;
			sourceTree = "<group>";
		};
		CE4D60492B4D62CE000900A1 /* ViewModels */ = {
			isa = PBXGroup;
			children = (
			);
			path = ViewModels;
			sourceTree = "<group>";
		};
		CE4D604A2B4D62D5000900A1 /* Model */ = {
			isa = PBXGroup;
			children = (
			);
			path = Model;
			sourceTree = "<group>";
		};
		CE4D604F2B4D6447000900A1 /* Components */ = {
			isa = PBXGroup;
			children = (
				CE4D604D2B4D638F000900A1 /* WishlistLoginView.swift */,
				CE4D604B2B4D62E9000900A1 /* WishlistEmptyStateView.swift */,
			);
			path = Components;
			sourceTree = "<group>";
		};
/* End PBXGroup section */

/* Begin PBXNativeTarget section */
		CE4D5FAC2B497E71000900A1 /* AirBnBClone */ = {
			isa = PBXNativeTarget;
			buildConfigurationList = CE4D5FD12B497E73000900A1 /* Build configuration list for PBXNativeTarget "AirBnBClone" */;
			buildPhases = (
				CE4D5FA92B497E71000900A1 /* Sources */,
				CE4D5FAA2B497E71000900A1 /* Frameworks */,
				CE4D5FAB2B497E71000900A1 /* Resources */,
			);
			buildRules = (
			);
			dependencies = (
			);
			name = AirBnBClone;
			packageProductDependencies = (
				CE4D603A2B4D588D000900A1 /* FirebaseAuth */,
			);
			productName = AirBnBClone;
			productReference = CE4D5FAD2B497E71000900A1 /* AirBnBClone.app */;
			productType = "com.apple.product-type.application";
		};
		CE4D5FBC2B497E73000900A1 /* AirBnBCloneTests */ = {
			isa = PBXNativeTarget;
			buildConfigurationList = CE4D5FD42B497E73000900A1 /* Build configuration list for PBXNativeTarget "AirBnBCloneTests" */;
			buildPhases = (
				CE4D5FB92B497E73000900A1 /* Sources */,
				CE4D5FBA2B497E73000900A1 /* Frameworks */,
				CE4D5FBB2B497E73000900A1 /* Resources */,
			);
			buildRules = (
			);
			dependencies = (
				CE4D5FBF2B497E73000900A1 /* PBXTargetDependency */,
			);
			name = AirBnBCloneTests;
			productName = AirBnBCloneTests;
			productReference = CE4D5FBD2B497E73000900A1 /* AirBnBCloneTests.xctest */;
			productType = "com.apple.product-type.bundle.unit-test";
		};
		CE4D5FC62B497E73000900A1 /* AirBnBCloneUITests */ = {
			isa = PBXNativeTarget;
			buildConfigurationList = CE4D5FD72B497E73000900A1 /* Build configuration list for PBXNativeTarget "AirBnBCloneUITests" */;
			buildPhases = (
				CE4D5FC32B497E73000900A1 /* Sources */,
				CE4D5FC42B497E73000900A1 /* Frameworks */,
				CE4D5FC52B497E73000900A1 /* Resources */,
			);
			buildRules = (
			);
			dependencies = (
				CE4D5FC92B497E73000900A1 /* PBXTargetDependency */,
			);
			name = AirBnBCloneUITests;
			productName = AirBnBCloneUITests;
			productReference = CE4D5FC72B497E73000900A1 /* AirBnBCloneUITests.xctest */;
			productType = "com.apple.product-type.bundle.ui-testing";
		};
/* End PBXNativeTarget section */

/* Begin PBXProject section */
		CE4D5FA52B497E71000900A1 /* Project object */ = {
			isa = PBXProject;
			attributes = {
				BuildIndependentTargetsInParallel = 1;
				LastSwiftUpdateCheck = 1500;
				LastUpgradeCheck = 1500;
				TargetAttributes = {
					CE4D5FAC2B497E71000900A1 = {
						CreatedOnToolsVersion = 15.0.1;
					};
					CE4D5FBC2B497E73000900A1 = {
						CreatedOnToolsVersion = 15.0.1;
						TestTargetID = CE4D5FAC2B497E71000900A1;
					};
					CE4D5FC62B497E73000900A1 = {
						CreatedOnToolsVersion = 15.0.1;
						TestTargetID = CE4D5FAC2B497E71000900A1;
					};
				};
			};
			buildConfigurationList = CE4D5FA82B497E71000900A1 /* Build configuration list for PBXProject "AirBnBClone" */;
			compatibilityVersion = "Xcode 14.0";
			developmentRegion = en;
			hasScannedForEncodings = 0;
			knownRegions = (
				en,
				Base,
			);
			mainGroup = CE4D5FA42B497E71000900A1;
			packageReferences = (
				CE4D60362B4C5041000900A1 /* XCRemoteSwiftPackageReference "firebase-ios-sdk" */,
			);
			productRefGroup = CE4D5FAE2B497E71000900A1 /* Products */;
			projectDirPath = "";
			projectRoot = "";
			targets = (
				CE4D5FAC2B497E71000900A1 /* AirBnBClone */,
				CE4D5FBC2B497E73000900A1 /* AirBnBCloneTests */,
				CE4D5FC62B497E73000900A1 /* AirBnBCloneUITests */,
			);
		};
/* End PBXProject section */

/* Begin PBXResourcesBuildPhase section */
		CE4D5FAB2B497E71000900A1 /* Resources */ = {
			isa = PBXResourcesBuildPhase;
			buildActionMask = 2147483647;
			files = (
				CE4D5FB82B497E72000900A1 /* Preview Assets.xcassets in Resources */,
				CE4D5FB52B497E72000900A1 /* Assets.xcassets in Resources */,
				CE4D603F2B4D5B50000900A1 /* GoogleService-Info.plist in Resources */,
			);
			runOnlyForDeploymentPostprocessing = 0;
		};
		CE4D5FBB2B497E73000900A1 /* Resources */ = {
			isa = PBXResourcesBuildPhase;
			buildActionMask = 2147483647;
			files = (
			);
			runOnlyForDeploymentPostprocessing = 0;
		};
		CE4D5FC52B497E73000900A1 /* Resources */ = {
			isa = PBXResourcesBuildPhase;
			buildActionMask = 2147483647;
			files = (
			);
			runOnlyForDeploymentPostprocessing = 0;
		};
/* End PBXResourcesBuildPhase section */

/* Begin PBXSourcesBuildPhase section */
		CE4D5FA92B497E71000900A1 /* Sources */ = {
			isa = PBXSourcesBuildPhase;
			buildActionMask = 2147483647;
			files = (
				CE4D60352B4C4C4E000900A1 /* CollapsableDestinationViewModifier.swift in Sources */,
				CE4D5FF22B49B6FC000900A1 /* DestinationSearchView.swift in Sources */,
				CE4D600C2B4AE499000900A1 /* Region.swift in Sources */,
				CE4D60312B4C42AF000900A1 /* AuthManager.swift in Sources */,
				CE4D604E2B4D638F000900A1 /* WishlistLoginView.swift in Sources */,
				CE4D60202B4C311E000900A1 /* LoginViewModel.swift in Sources */,
				CE4D5FF62B4A0092000900A1 /* ProfileView.swift in Sources */,
				CE4D601B2B4C30F9000900A1 /* RegistrationView.swift in Sources */,
				CE4D5FF82B4A0325000900A1 /* ProfileOptionRowView.swift in Sources */,
				CE4D5FF42B49BEC4000900A1 /* CollapsedPickerView.swift in Sources */,
				CE4D5FE92B498093000900A1 /* ListingItemView.swift in Sources */,
				CE4D60452B4D5D63000900A1 /* ProfileLoginView.swift in Sources */,
				CE4D5FED2B498890000900A1 /* ListingDetailsView.swift in Sources */,
				CE4D60102B4B1CBD000900A1 /* ListingMapPreviewView.swift in Sources */,
				CE4D60082B4ADD4C000900A1 /* ExploreViewModel.swift in Sources */,
				CE4D5FE72B497FC1000900A1 /* ExploreView.swift in Sources */,
				CE4D60012B4AD427000900A1 /* Listing.swift in Sources */,
				CE4D603D2B4D597D000900A1 /* AuthenticationService.swift in Sources */,
				CE4D604C2B4D62E9000900A1 /* WishlistEmptyStateView.swift in Sources */,
				CE4D602C2B4C3970000900A1 /* AuthenticationFormProtocol.swift in Sources */,
				CE4D60472B4D5E4C000900A1 /* CircularImageProfileView.swift in Sources */,
				CE4D60252B4C3496000900A1 /* PrimaryTextfieldModifier.swift in Sources */,
				CE4D60222B4C312C000900A1 /* RegistrationViewModel.swift in Sources */,
				CE4D60272B4C35F1000900A1 /* PrimaryButtonModifier.swift in Sources */,
				CE4D602E2B4C3D78000900A1 /* MockAuthenticationService.swift in Sources */,
				CE4D60432B4D5D57000900A1 /* UserProfileHeaderView.swift in Sources */,
				CE4D5FFA2B4A0408000900A1 /* WishlistView.swift in Sources */,
				CE4D5FF02B498918000900A1 /* CarouselView.swift in Sources */,
				CE4D5FEB2B498500000900A1 /* SearchAndFilterBar.swift in Sources */,
				CE4D60332B4C4828000900A1 /* DIContainer.swift in Sources */,
				CE4D60382B4D56E5000900A1 /* FirebaseAuthService.swift in Sources */,
				CE4D601D2B4C310B000900A1 /* LoginView.swift in Sources */,
				CE4D5FB12B497E71000900A1 /* AirBnBCloneApp.swift in Sources */,
				CE4D5FFC2B4A0568000900A1 /* MainTabView.swift in Sources */,
				CE4D60032B4AD884000900A1 /* PreviewProvider.swift in Sources */,
				CE4D600E2B4B0C2D000900A1 /* ListingMapView.swift in Sources */,
				CE4D600A2B4ADD9E000900A1 /* ExploreService.swift in Sources */,
				CE4D60412B4D5B82000900A1 /* AppDelegate.swift in Sources */,
				CE4D602A2B4C366C000900A1 /* LoginButton.swift in Sources */,
			);
			runOnlyForDeploymentPostprocessing = 0;
		};
		CE4D5FB92B497E73000900A1 /* Sources */ = {
			isa = PBXSourcesBuildPhase;
			buildActionMask = 2147483647;
			files = (
				CE4D5FC22B497E73000900A1 /* AirBnBCloneTests.swift in Sources */,
			);
			runOnlyForDeploymentPostprocessing = 0;
		};
		CE4D5FC32B497E73000900A1 /* Sources */ = {
			isa = PBXSourcesBuildPhase;
			buildActionMask = 2147483647;
			files = (
				CE4D5FCE2B497E73000900A1 /* AirBnBCloneUITestsLaunchTests.swift in Sources */,
				CE4D5FCC2B497E73000900A1 /* AirBnBCloneUITests.swift in Sources */,
			);
			runOnlyForDeploymentPostprocessing = 0;
		};
/* End PBXSourcesBuildPhase section */

/* Begin PBXTargetDependency section */
		CE4D5FBF2B497E73000900A1 /* PBXTargetDependency */ = {
			isa = PBXTargetDependency;
			target = CE4D5FAC2B497E71000900A1 /* AirBnBClone */;
			targetProxy = CE4D5FBE2B497E73000900A1 /* PBXContainerItemProxy */;
		};
		CE4D5FC92B497E73000900A1 /* PBXTargetDependency */ = {
			isa = PBXTargetDependency;
			target = CE4D5FAC2B497E71000900A1 /* AirBnBClone */;
			targetProxy = CE4D5FC82B497E73000900A1 /* PBXContainerItemProxy */;
		};
/* End PBXTargetDependency section */

/* Begin XCBuildConfiguration section */
		CE4D5FCF2B497E73000900A1 /* Debug */ = {
			isa = XCBuildConfiguration;
			buildSettings = {
				ALWAYS_SEARCH_USER_PATHS = NO;
				ASSETCATALOG_COMPILER_GENERATE_SWIFT_ASSET_SYMBOL_EXTENSIONS = YES;
				CLANG_ANALYZER_NONNULL = YES;
				CLANG_ANALYZER_NUMBER_OBJECT_CONVERSION = YES_AGGRESSIVE;
				CLANG_CXX_LANGUAGE_STANDARD = "gnu++20";
				CLANG_ENABLE_MODULES = YES;
				CLANG_ENABLE_OBJC_ARC = YES;
				CLANG_ENABLE_OBJC_WEAK = YES;
				CLANG_WARN_BLOCK_CAPTURE_AUTORELEASING = YES;
				CLANG_WARN_BOOL_CONVERSION = YES;
				CLANG_WARN_COMMA = YES;
				CLANG_WARN_CONSTANT_CONVERSION = YES;
				CLANG_WARN_DEPRECATED_OBJC_IMPLEMENTATIONS = YES;
				CLANG_WARN_DIRECT_OBJC_ISA_USAGE = YES_ERROR;
				CLANG_WARN_DOCUMENTATION_COMMENTS = YES;
				CLANG_WARN_EMPTY_BODY = YES;
				CLANG_WARN_ENUM_CONVERSION = YES;
				CLANG_WARN_INFINITE_RECURSION = YES;
				CLANG_WARN_INT_CONVERSION = YES;
				CLANG_WARN_NON_LITERAL_NULL_CONVERSION = YES;
				CLANG_WARN_OBJC_IMPLICIT_RETAIN_SELF = YES;
				CLANG_WARN_OBJC_LITERAL_CONVERSION = YES;
				CLANG_WARN_OBJC_ROOT_CLASS = YES_ERROR;
				CLANG_WARN_QUOTED_INCLUDE_IN_FRAMEWORK_HEADER = YES;
				CLANG_WARN_RANGE_LOOP_ANALYSIS = YES;
				CLANG_WARN_STRICT_PROTOTYPES = YES;
				CLANG_WARN_SUSPICIOUS_MOVE = YES;
				CLANG_WARN_UNGUARDED_AVAILABILITY = YES_AGGRESSIVE;
				CLANG_WARN_UNREACHABLE_CODE = YES;
				CLANG_WARN__DUPLICATE_METHOD_MATCH = YES;
				COPY_PHASE_STRIP = NO;
				DEBUG_INFORMATION_FORMAT = dwarf;
				ENABLE_STRICT_OBJC_MSGSEND = YES;
				ENABLE_TESTABILITY = YES;
				ENABLE_USER_SCRIPT_SANDBOXING = YES;
				GCC_C_LANGUAGE_STANDARD = gnu17;
				GCC_DYNAMIC_NO_PIC = NO;
				GCC_NO_COMMON_BLOCKS = YES;
				GCC_OPTIMIZATION_LEVEL = 0;
				GCC_PREPROCESSOR_DEFINITIONS = (
					"DEBUG=1",
					"$(inherited)",
				);
				GCC_WARN_64_TO_32_BIT_CONVERSION = YES;
				GCC_WARN_ABOUT_RETURN_TYPE = YES_ERROR;
				GCC_WARN_UNDECLARED_SELECTOR = YES;
				GCC_WARN_UNINITIALIZED_AUTOS = YES_AGGRESSIVE;
				GCC_WARN_UNUSED_FUNCTION = YES;
				GCC_WARN_UNUSED_VARIABLE = YES;
				IPHONEOS_DEPLOYMENT_TARGET = 17.0;
				LOCALIZATION_PREFERS_STRING_CATALOGS = YES;
				MTL_ENABLE_DEBUG_INFO = INCLUDE_SOURCE;
				MTL_FAST_MATH = YES;
				ONLY_ACTIVE_ARCH = YES;
				OTHER_LDFLAGS = "-ObjC";
				SDKROOT = iphoneos;
				SWIFT_ACTIVE_COMPILATION_CONDITIONS = "DEBUG $(inherited)";
				SWIFT_OPTIMIZATION_LEVEL = "-Onone";
			};
			name = Debug;
		};
		CE4D5FD02B497E73000900A1 /* Release */ = {
			isa = XCBuildConfiguration;
			buildSettings = {
				ALWAYS_SEARCH_USER_PATHS = NO;
				ASSETCATALOG_COMPILER_GENERATE_SWIFT_ASSET_SYMBOL_EXTENSIONS = YES;
				CLANG_ANALYZER_NONNULL = YES;
				CLANG_ANALYZER_NUMBER_OBJECT_CONVERSION = YES_AGGRESSIVE;
				CLANG_CXX_LANGUAGE_STANDARD = "gnu++20";
				CLANG_ENABLE_MODULES = YES;
				CLANG_ENABLE_OBJC_ARC = YES;
				CLANG_ENABLE_OBJC_WEAK = YES;
				CLANG_WARN_BLOCK_CAPTURE_AUTORELEASING = YES;
				CLANG_WARN_BOOL_CONVERSION = YES;
				CLANG_WARN_COMMA = YES;
				CLANG_WARN_CONSTANT_CONVERSION = YES;
				CLANG_WARN_DEPRECATED_OBJC_IMPLEMENTATIONS = YES;
				CLANG_WARN_DIRECT_OBJC_ISA_USAGE = YES_ERROR;
				CLANG_WARN_DOCUMENTATION_COMMENTS = YES;
				CLANG_WARN_EMPTY_BODY = YES;
				CLANG_WARN_ENUM_CONVERSION = YES;
				CLANG_WARN_INFINITE_RECURSION = YES;
				CLANG_WARN_INT_CONVERSION = YES;
				CLANG_WARN_NON_LITERAL_NULL_CONVERSION = YES;
				CLANG_WARN_OBJC_IMPLICIT_RETAIN_SELF = YES;
				CLANG_WARN_OBJC_LITERAL_CONVERSION = YES;
				CLANG_WARN_OBJC_ROOT_CLASS = YES_ERROR;
				CLANG_WARN_QUOTED_INCLUDE_IN_FRAMEWORK_HEADER = YES;
				CLANG_WARN_RANGE_LOOP_ANALYSIS = YES;
				CLANG_WARN_STRICT_PROTOTYPES = YES;
				CLANG_WARN_SUSPICIOUS_MOVE = YES;
				CLANG_WARN_UNGUARDED_AVAILABILITY = YES_AGGRESSIVE;
				CLANG_WARN_UNREACHABLE_CODE = YES;
				CLANG_WARN__DUPLICATE_METHOD_MATCH = YES;
				COPY_PHASE_STRIP = NO;
				DEBUG_INFORMATION_FORMAT = "dwarf-with-dsym";
				ENABLE_NS_ASSERTIONS = NO;
				ENABLE_STRICT_OBJC_MSGSEND = YES;
				ENABLE_USER_SCRIPT_SANDBOXING = YES;
				GCC_C_LANGUAGE_STANDARD = gnu17;
				GCC_NO_COMMON_BLOCKS = YES;
				GCC_WARN_64_TO_32_BIT_CONVERSION = YES;
				GCC_WARN_ABOUT_RETURN_TYPE = YES_ERROR;
				GCC_WARN_UNDECLARED_SELECTOR = YES;
				GCC_WARN_UNINITIALIZED_AUTOS = YES_AGGRESSIVE;
				GCC_WARN_UNUSED_FUNCTION = YES;
				GCC_WARN_UNUSED_VARIABLE = YES;
				IPHONEOS_DEPLOYMENT_TARGET = 17.0;
				LOCALIZATION_PREFERS_STRING_CATALOGS = YES;
				MTL_ENABLE_DEBUG_INFO = NO;
				MTL_FAST_MATH = YES;
				OTHER_LDFLAGS = "-ObjC";
				SDKROOT = iphoneos;
				SWIFT_COMPILATION_MODE = wholemodule;
				VALIDATE_PRODUCT = YES;
			};
			name = Release;
		};
		CE4D5FD22B497E73000900A1 /* Debug */ = {
			isa = XCBuildConfiguration;
			buildSettings = {
				ASSETCATALOG_COMPILER_APPICON_NAME = AppIcon;
				ASSETCATALOG_COMPILER_GLOBAL_ACCENT_COLOR_NAME = AccentColor;
				CODE_SIGN_STYLE = Automatic;
				CURRENT_PROJECT_VERSION = 1;
				DEVELOPMENT_ASSET_PATHS = "\"AirBnBClone/Preview Content\"";
				ENABLE_PREVIEWS = YES;
				GENERATE_INFOPLIST_FILE = YES;
				INFOPLIST_KEY_UIApplicationSceneManifest_Generation = YES;
				INFOPLIST_KEY_UIApplicationSupportsIndirectInputEvents = YES;
				INFOPLIST_KEY_UILaunchScreen_Generation = YES;
				INFOPLIST_KEY_UISupportedInterfaceOrientations_iPad = "UIInterfaceOrientationPortrait UIInterfaceOrientationPortraitUpsideDown UIInterfaceOrientationLandscapeLeft UIInterfaceOrientationLandscapeRight";
				INFOPLIST_KEY_UISupportedInterfaceOrientations_iPhone = "UIInterfaceOrientationPortrait UIInterfaceOrientationLandscapeLeft UIInterfaceOrientationLandscapeRight";
				LD_RUNPATH_SEARCH_PATHS = (
					"$(inherited)",
					"@executable_path/Frameworks",
				);
				MARKETING_VERSION = 1.0;
				PRODUCT_BUNDLE_IDENTIFIER = mjanneau.com.AirBnBClone;
				PRODUCT_NAME = "$(TARGET_NAME)";
				SWIFT_EMIT_LOC_STRINGS = YES;
				SWIFT_VERSION = 5.0;
				TARGETED_DEVICE_FAMILY = "1,2";
			};
			name = Debug;
		};
		CE4D5FD32B497E73000900A1 /* Release */ = {
			isa = XCBuildConfiguration;
			buildSettings = {
				ASSETCATALOG_COMPILER_APPICON_NAME = AppIcon;
				ASSETCATALOG_COMPILER_GLOBAL_ACCENT_COLOR_NAME = AccentColor;
				CODE_SIGN_STYLE = Automatic;
				CURRENT_PROJECT_VERSION = 1;
				DEVELOPMENT_ASSET_PATHS = "\"AirBnBClone/Preview Content\"";
				ENABLE_PREVIEWS = YES;
				GENERATE_INFOPLIST_FILE = YES;
				INFOPLIST_KEY_UIApplicationSceneManifest_Generation = YES;
				INFOPLIST_KEY_UIApplicationSupportsIndirectInputEvents = YES;
				INFOPLIST_KEY_UILaunchScreen_Generation = YES;
				INFOPLIST_KEY_UISupportedInterfaceOrientations_iPad = "UIInterfaceOrientationPortrait UIInterfaceOrientationPortraitUpsideDown UIInterfaceOrientationLandscapeLeft UIInterfaceOrientationLandscapeRight";
				INFOPLIST_KEY_UISupportedInterfaceOrientations_iPhone = "UIInterfaceOrientationPortrait UIInterfaceOrientationLandscapeLeft UIInterfaceOrientationLandscapeRight";
				LD_RUNPATH_SEARCH_PATHS = (
					"$(inherited)",
					"@executable_path/Frameworks",
				);
				MARKETING_VERSION = 1.0;
				PRODUCT_BUNDLE_IDENTIFIER = mjanneau.com.AirBnBClone;
				PRODUCT_NAME = "$(TARGET_NAME)";
				SWIFT_EMIT_LOC_STRINGS = YES;
				SWIFT_VERSION = 5.0;
				TARGETED_DEVICE_FAMILY = "1,2";
			};
			name = Release;
		};
		CE4D5FD52B497E73000900A1 /* Debug */ = {
			isa = XCBuildConfiguration;
			buildSettings = {
				ALWAYS_EMBED_SWIFT_STANDARD_LIBRARIES = YES;
				BUNDLE_LOADER = "$(TEST_HOST)";
				CODE_SIGN_STYLE = Automatic;
				CURRENT_PROJECT_VERSION = 1;
				GENERATE_INFOPLIST_FILE = YES;
				IPHONEOS_DEPLOYMENT_TARGET = 17.0;
				MARKETING_VERSION = 1.0;
				PRODUCT_BUNDLE_IDENTIFIER = mjanneau.swiftcoin.com.AirBnBCloneTests;
				PRODUCT_NAME = "$(TARGET_NAME)";
				SWIFT_EMIT_LOC_STRINGS = NO;
				SWIFT_VERSION = 5.0;
				TARGETED_DEVICE_FAMILY = "1,2";
				TEST_HOST = "$(BUILT_PRODUCTS_DIR)/AirBnBClone.app/$(BUNDLE_EXECUTABLE_FOLDER_PATH)/AirBnBClone";
			};
			name = Debug;
		};
		CE4D5FD62B497E73000900A1 /* Release */ = {
			isa = XCBuildConfiguration;
			buildSettings = {
				ALWAYS_EMBED_SWIFT_STANDARD_LIBRARIES = YES;
				BUNDLE_LOADER = "$(TEST_HOST)";
				CODE_SIGN_STYLE = Automatic;
				CURRENT_PROJECT_VERSION = 1;
				GENERATE_INFOPLIST_FILE = YES;
				IPHONEOS_DEPLOYMENT_TARGET = 17.0;
				MARKETING_VERSION = 1.0;
				PRODUCT_BUNDLE_IDENTIFIER = mjanneau.swiftcoin.com.AirBnBCloneTests;
				PRODUCT_NAME = "$(TARGET_NAME)";
				SWIFT_EMIT_LOC_STRINGS = NO;
				SWIFT_VERSION = 5.0;
				TARGETED_DEVICE_FAMILY = "1,2";
				TEST_HOST = "$(BUILT_PRODUCTS_DIR)/AirBnBClone.app/$(BUNDLE_EXECUTABLE_FOLDER_PATH)/AirBnBClone";
			};
			name = Release;
		};
		CE4D5FD82B497E73000900A1 /* Debug */ = {
			isa = XCBuildConfiguration;
			buildSettings = {
				ALWAYS_EMBED_SWIFT_STANDARD_LIBRARIES = YES;
				CODE_SIGN_STYLE = Automatic;
				CURRENT_PROJECT_VERSION = 1;
				GENERATE_INFOPLIST_FILE = YES;
				MARKETING_VERSION = 1.0;
				PRODUCT_BUNDLE_IDENTIFIER = mjanneau.swiftcoin.com.AirBnBCloneUITests;
				PRODUCT_NAME = "$(TARGET_NAME)";
				SWIFT_EMIT_LOC_STRINGS = NO;
				SWIFT_VERSION = 5.0;
				TARGETED_DEVICE_FAMILY = "1,2";
				TEST_TARGET_NAME = AirBnBClone;
			};
			name = Debug;
		};
		CE4D5FD92B497E73000900A1 /* Release */ = {
			isa = XCBuildConfiguration;
			buildSettings = {
				ALWAYS_EMBED_SWIFT_STANDARD_LIBRARIES = YES;
				CODE_SIGN_STYLE = Automatic;
				CURRENT_PROJECT_VERSION = 1;
				GENERATE_INFOPLIST_FILE = YES;
				MARKETING_VERSION = 1.0;
				PRODUCT_BUNDLE_IDENTIFIER = mjanneau.swiftcoin.com.AirBnBCloneUITests;
				PRODUCT_NAME = "$(TARGET_NAME)";
				SWIFT_EMIT_LOC_STRINGS = NO;
				SWIFT_VERSION = 5.0;
				TARGETED_DEVICE_FAMILY = "1,2";
				TEST_TARGET_NAME = AirBnBClone;
			};
			name = Release;
		};
/* End XCBuildConfiguration section */

/* Begin XCConfigurationList section */
		CE4D5FA82B497E71000900A1 /* Build configuration list for PBXProject "AirBnBClone" */ = {
			isa = XCConfigurationList;
			buildConfigurations = (
				CE4D5FCF2B497E73000900A1 /* Debug */,
				CE4D5FD02B497E73000900A1 /* Release */,
			);
			defaultConfigurationIsVisible = 0;
			defaultConfigurationName = Release;
		};
		CE4D5FD12B497E73000900A1 /* Build configuration list for PBXNativeTarget "AirBnBClone" */ = {
			isa = XCConfigurationList;
			buildConfigurations = (
				CE4D5FD22B497E73000900A1 /* Debug */,
				CE4D5FD32B497E73000900A1 /* Release */,
			);
			defaultConfigurationIsVisible = 0;
			defaultConfigurationName = Release;
		};
		CE4D5FD42B497E73000900A1 /* Build configuration list for PBXNativeTarget "AirBnBCloneTests" */ = {
			isa = XCConfigurationList;
			buildConfigurations = (
				CE4D5FD52B497E73000900A1 /* Debug */,
				CE4D5FD62B497E73000900A1 /* Release */,
			);
			defaultConfigurationIsVisible = 0;
			defaultConfigurationName = Release;
		};
		CE4D5FD72B497E73000900A1 /* Build configuration list for PBXNativeTarget "AirBnBCloneUITests" */ = {
			isa = XCConfigurationList;
			buildConfigurations = (
				CE4D5FD82B497E73000900A1 /* Debug */,
				CE4D5FD92B497E73000900A1 /* Release */,
			);
			defaultConfigurationIsVisible = 0;
			defaultConfigurationName = Release;
		};
/* End XCConfigurationList section */

/* Begin XCRemoteSwiftPackageReference section */
		CE4D60362B4C5041000900A1 /* XCRemoteSwiftPackageReference "firebase-ios-sdk" */ = {
			isa = XCRemoteSwiftPackageReference;
			repositoryURL = "https://github.com/firebase/firebase-ios-sdk.git";
			requirement = {
				kind = upToNextMajorVersion;
				minimumVersion = 10.19.1;
			};
		};
/* End XCRemoteSwiftPackageReference section */

/* Begin XCSwiftPackageProductDependency section */
		CE4D603A2B4D588D000900A1 /* FirebaseAuth */ = {
			isa = XCSwiftPackageProductDependency;
			package = CE4D60362B4C5041000900A1 /* XCRemoteSwiftPackageReference "firebase-ios-sdk" */;
			productName = FirebaseAuth;
		};
/* End XCSwiftPackageProductDependency section */
	};
	rootObject = CE4D5FA52B497E71000900A1 /* Project object */;
}
